
Microsoft Visual Studio Solution File, Format Version 12.00
Project("{2150E333-8FDC-42A3-9474-1A3956D46DE8}") = "Tests", "Tests", "{45C71BC0-7138-43D9-970F-147C57813F1E}"
EndProject
Project("{FAE04EC0-301F-11D3-BF4B-00C04F79EFBC}") = "WebApplication.IntegrationTests", "WebApplication.IntegrationTests\WebApplication.IntegrationTests.csproj", "{C5199A61-E42F-42A6-B6B6-C0948F47CC00}"
EndProject
Project("{FAE04EC0-301F-11D3-BF4B-00C04F79EFBC}") = "WebApplication", "WebApplication\WebApplication.csproj", "{A5A7B155-2A42-4AC7-8D11-2601F6653A9F}"
EndProject
Project("{2150E333-8FDC-42A3-9474-1A3956D46DE8}") = "Auth", "Auth", "{16FCC3D4-7369-47DF-998B-E913EF05E026}"
EndProject
Project("{FAE04EC0-301F-11D3-BF4B-00C04F79EFBC}") = "ASP.NETCoreWebApplication", "ASP.NETCoreWebApplication\ASP.NETCoreWebApplication.csproj", "{840D78FB-73D9-4935-A180-A196457D01A3}"
EndProject
Global
	GlobalSection(SolutionConfigurationPlatforms) = preSolution
		Debug|Any CPU = Debug|Any CPU
		Release|Any CPU = Release|Any CPU
	EndGlobalSection
	GlobalSection(ProjectConfigurationPlatforms) = postSolution
		{C5199A61-E42F-42A6-B6B6-C0948F47CC00}.Debug|Any CPU.ActiveCfg = Debug|Any CPU
		{C5199A61-E42F-42A6-B6B6-C0948F47CC00}.Debug|Any CPU.Build.0 = Debug|Any CPU
		{C5199A61-E42F-42A6-B6B6-C0948F47CC00}.Release|Any CPU.ActiveCfg = Release|Any CPU
		{C5199A61-E42F-42A6-B6B6-C0948F47CC00}.Release|Any CPU.Build.0 = Release|Any CPU
		{A5A7B155-2A42-4AC7-8D11-2601F6653A9F}.Debug|Any CPU.ActiveCfg = Debug|Any CPU
		{A5A7B155-2A42-4AC7-8D11-2601F6653A9F}.Debug|Any CPU.Build.0 = Debug|Any CPU
		{A5A7B155-2A42-4AC7-8D11-2601F6653A9F}.Release|Any CPU.ActiveCfg = Release|Any CPU
		{A5A7B155-2A42-4AC7-8D11-2601F6653A9F}.Release|Any CPU.Build.0 = Release|Any CPU
		{840D78FB-73D9-4935-A180-A196457D01A3}.Debug|Any CPU.ActiveCfg = Debug|Any CPU
		{840D78FB-73D9-4935-A180-A196457D01A3}.Debug|Any CPU.Build.0 = Debug|Any CPU
		{840D78FB-73D9-4935-A180-A196457D01A3}.Release|Any CPU.ActiveCfg = Release|Any CPU
		{840D78FB-73D9-4935-A180-A196457D01A3}.Release|Any CPU.Build.0 = Release|Any CPU
	EndGlobalSection
	GlobalSection(NestedProjects) = preSolution
		{C5199A61-E42F-42A6-B6B6-C0948F47CC00} = {45C71BC0-7138-43D9-970F-147C57813F1E}
		{840D78FB-73D9-4935-A180-A196457D01A3} = {16FCC3D4-7369-47DF-998B-E913EF05E026}
	EndGlobalSection
EndGlobal
